
Microsoft Visual Studio Solution File, Format Version 12.00
# Visual Studio Version 16
VisualStudioVersion = 16.0.29905.134
MinimumVisualStudioVersion = 10.0.40219.1
Project("{FAE04EC0-301F-11D3-BF4B-00C04F79EFBC}") = "word", "word\word.csproj", "{D9317064-4B1D-45B5-A7B4-E06AC7210879}"
EndProject
Global
	GlobalSection(SolutionConfigurationPlatforms) = preSolution
		Debug|Any CPU = Debug|Any CPU
		Release|Any CPU = Release|Any CPU
	EndGlobalSection
	GlobalSection(ProjectConfigurationPlatforms) = postSolution
		{D9317064-4B1D-45B5-A7B4-E06AC7210879}.Debug|Any CPU.ActiveCfg = Debug|Any CPU
		{D9317064-4B1D-45B5-A7B4-E06AC7210879}.Debug|Any CPU.Build.0 = Debug|Any CPU
		{D9317064-4B1D-45B5-A7B4-E06AC7210879}.Release|Any CPU.ActiveCfg = Release|Any CPU
		{D9317064-4B1D-45B5-A7B4-E06AC7210879}.Release|Any CPU.Build.0 = Release|Any CPU
	EndGlobalSection
	GlobalSection(SolutionProperties) = preSolution
		HideSolutionNode = FALSE
	EndGlobalSection
	GlobalSection(ExtensibilityGlobals) = postSolution
		SolutionGuid = {DFC8071D-898A-41F0-A87A-0E8EA304642F}
	EndGlobalSection
EndGlobal
